
Microsoft Visual Studio Solution File, Format Version 12.00
# Visual Studio 15
VisualStudioVersion = 15.0.28307.421
MinimumVisualStudioVersion = 10.0.40219.1
Project("{FAE04EC0-301F-11D3-BF4B-00C04F79EFBC}") = "HealthCare", "HealthCare\HealthCare.csproj", "{B33776EA-5DF8-4086-BD8B-E4BFEC3E0763}"
EndProject
Global
	GlobalSection(SolutionConfigurationPlatforms) = preSolution
		Debug|Any CPU = Debug|Any CPU
		Release|Any CPU = Release|Any CPU
	EndGlobalSection
	GlobalSection(ProjectConfigurationPlatforms) = postSolution
		{B33776EA-5DF8-4086-BD8B-E4BFEC3E0763}.Debug|Any CPU.ActiveCfg = Debug|Any CPU
		{B33776EA-5DF8-4086-BD8B-E4BFEC3E0763}.Debug|Any CPU.Build.0 = Debug|Any CPU
		{B33776EA-5DF8-4086-BD8B-E4BFEC3E0763}.Release|Any CPU.ActiveCfg = Release|Any CPU
		{B33776EA-5DF8-4086-BD8B-E4BFEC3E0763}.Release|Any CPU.Build.0 = Release|Any CPU
	EndGlobalSection
	GlobalSection(SolutionProperties) = preSolution
		HideSolutionNode = FALSE
	EndGlobalSection
	GlobalSection(ExtensibilityGlobals) = postSolution
		SolutionGuid = {5E6931E0-65FA-45C7-A239-B09E87CA291F}
	EndGlobalSection
EndGlobal
